// !$*UTF8*$!
{
	archiveVersion = 1;
	classes = {
	};
	objectVersion = 55;
	objects = {

/* Begin PBXBuildFile section */
		378EE8FC27CA52B400A14B58 /* Atm.swift in Sources */ = {isa = PBXBuildFile; fileRef = 378EE8FB27CA52B400A14B58 /* Atm.swift */; };
		378EE8FE27CBBE9500A14B58 /* CoinZero.swift in Sources */ = {isa = PBXBuildFile; fileRef = 378EE8FD27CBBE9500A14B58 /* CoinZero.swift */; };
		378EE90027CCB50500A14B58 /* Conference.swift in Sources */ = {isa = PBXBuildFile; fileRef = 378EE8FF27CCB50500A14B58 /* Conference.swift */; };
		37AB8CA727CD8CAF00439B84 /* Treasure.swift in Sources */ = {isa = PBXBuildFile; fileRef = 37AB8CA627CD8CAF00439B84 /* Treasure.swift */; };
		37AB8CA927CF07F700439B84 /* Lost.swift in Sources */ = {isa = PBXBuildFile; fileRef = 37AB8CA827CF07F700439B84 /* Lost.swift */; };
		37AB8CAB27D0807300439B84 /* Changes.swift in Sources */ = {isa = PBXBuildFile; fileRef = 37AB8CAA27D0807300439B84 /* Changes.swift */; };
		37B2838327C1F2AF004FE4C1 /* main.swift in Sources */ = {isa = PBXBuildFile; fileRef = 37B2838227C1F2AF004FE4C1 /* main.swift */; };
/* End PBXBuildFile section */

/* Begin PBXCopyFilesBuildPhase section */
		37B2837D27C1F2AF004FE4C1 /* CopyFiles */ = {
			isa = PBXCopyFilesBuildPhase;
			buildActionMask = 2147483647;
			dstPath = /usr/share/man/man1/;
			dstSubfolderSpec = 0;
			files = (
			);
			runOnlyForDeploymentPostprocessing = 1;
		};
/* End PBXCopyFilesBuildPhase section */

/* Begin PBXFileReference section */
		378EE8FB27CA52B400A14B58 /* Atm.swift */ = {isa = PBXFileReference; lastKnownFileType = sourcecode.swift; path = Atm.swift; sourceTree = "<group>"; };
		378EE8FD27CBBE9500A14B58 /* CoinZero.swift */ = {isa = PBXFileReference; lastKnownFileType = sourcecode.swift; path = CoinZero.swift; sourceTree = "<group>"; };
		378EE8FF27CCB50500A14B58 /* Conference.swift */ = {isa = PBXFileReference; lastKnownFileType = sourcecode.swift; path = Conference.swift; sourceTree = "<group>"; };
		37AB8CA627CD8CAF00439B84 /* Treasure.swift */ = {isa = PBXFileReference; lastKnownFileType = sourcecode.swift; path = Treasure.swift; sourceTree = "<group>"; };
		37AB8CA827CF07F700439B84 /* Lost.swift */ = {isa = PBXFileReference; lastKnownFileType = sourcecode.swift; path = Lost.swift; sourceTree = "<group>"; };
		37AB8CAA27D0807300439B84 /* Changes.swift */ = {isa = PBXFileReference; lastKnownFileType = sourcecode.swift; path = Changes.swift; sourceTree = "<group>"; };
		37B2837F27C1F2AF004FE4C1 /* BackJun */ = {isa = PBXFileReference; explicitFileType = "compiled.mach-o.executable"; includeInIndex = 0; path = BackJun; sourceTree = BUILT_PRODUCTS_DIR; };
		37B2838227C1F2AF004FE4C1 /* main.swift */ = {isa = PBXFileReference; lastKnownFileType = sourcecode.swift; path = main.swift; sourceTree = "<group>"; };
/* End PBXFileReference section */

/* Begin PBXFrameworksBuildPhase section */
		37B2837C27C1F2AF004FE4C1 /* Frameworks */ = {
			isa = PBXFrameworksBuildPhase;
			buildActionMask = 2147483647;
			files = (
			);
			runOnlyForDeploymentPostprocessing = 0;
		};
/* End PBXFrameworksBuildPhase section */

/* Begin PBXGroup section */
		37B2837627C1F2AF004FE4C1 = {
			isa = PBXGroup;
			children = (
				37B2838127C1F2AF004FE4C1 /* BackJun */,
				37B2838027C1F2AF004FE4C1 /* Products */,
			);
			sourceTree = "<group>";
		};
		37B2838027C1F2AF004FE4C1 /* Products */ = {
			isa = PBXGroup;
			children = (
				37B2837F27C1F2AF004FE4C1 /* BackJun */,
			);
			name = Products;
			sourceTree = "<group>";
		};
		37B2838127C1F2AF004FE4C1 /* BackJun */ = {
			isa = PBXGroup;
			children = (
				37B2838227C1F2AF004FE4C1 /* main.swift */,
				378EE8FB27CA52B400A14B58 /* Atm.swift */,
				378EE8FD27CBBE9500A14B58 /* CoinZero.swift */,
				378EE8FF27CCB50500A14B58 /* Conference.swift */,
				37AB8CA627CD8CAF00439B84 /* Treasure.swift */,
				37AB8CA827CF07F700439B84 /* Lost.swift */,
				37AB8CAA27D0807300439B84 /* Changes.swift */,
			);
			path = BackJun;
			sourceTree = "<group>";
		};
/* End PBXGroup section */

/* Begin PBXNativeTarget section */
		37B2837E27C1F2AF004FE4C1 /* BackJun */ = {
			isa = PBXNativeTarget;
			buildConfigurationList = 37B2838627C1F2AF004FE4C1 /* Build configuration list for PBXNativeTarget "BackJun" */;
			buildPhases = (
				37B2837B27C1F2AF004FE4C1 /* Sources */,
				37B2837C27C1F2AF004FE4C1 /* Frameworks */,
				37B2837D27C1F2AF004FE4C1 /* CopyFiles */,
			);
			buildRules = (
			);
			dependencies = (
			);
			name = BackJun;
			productName = BackJun;
			productReference = 37B2837F27C1F2AF004FE4C1 /* BackJun */;
			productType = "com.apple.product-type.tool";
		};
/* End PBXNativeTarget section */

/* Begin PBXProject section */
		37B2837727C1F2AF004FE4C1 /* Project object */ = {
			isa = PBXProject;
			attributes = {
				BuildIndependentTargetsInParallel = 1;
				LastSwiftUpdateCheck = 1320;
				LastUpgradeCheck = 1320;
				TargetAttributes = {
					37B2837E27C1F2AF004FE4C1 = {
						CreatedOnToolsVersion = 13.2.1;
					};
				};
			};
			buildConfigurationList = 37B2837A27C1F2AF004FE4C1 /* Build configuration list for PBXProject "BackJun" */;
			compatibilityVersion = "Xcode 13.0";
			developmentRegion = en;
			hasScannedForEncodings = 0;
			knownRegions = (
				en,
				Base,
			);
			mainGroup = 37B2837627C1F2AF004FE4C1;
			productRefGroup = 37B2838027C1F2AF004FE4C1 /* Products */;
			projectDirPath = "";
			projectRoot = "";
			targets = (
				37B2837E27C1F2AF004FE4C1 /* BackJun */,
			);
		};
/* End PBXProject section */

/* Begin PBXSourcesBuildPhase section */
		37B2837B27C1F2AF004FE4C1 /* Sources */ = {
			isa = PBXSourcesBuildPhase;
			buildActionMask = 2147483647;
			files = (
				378EE8FC27CA52B400A14B58 /* Atm.swift in Sources */,
				378EE8FE27CBBE9500A14B58 /* CoinZero.swift in Sources */,
				37B2838327C1F2AF004FE4C1 /* main.swift in Sources */,
				37AB8CA927CF07F700439B84 /* Lost.swift in Sources */,
				378EE90027CCB50500A14B58 /* Conference.swift in Sources */,
				37AB8CAB27D0807300439B84 /* Changes.swift in Sources */,
				37AB8CA727CD8CAF00439B84 /* Treasure.swift in Sources */,
			);
			runOnlyForDeploymentPostprocessing = 0;
		};
/* End PBXSourcesBuildPhase section */

/* Begin XCBuildConfiguration section */
		37B2838427C1F2AF004FE4C1 /* Debug */ = {
			isa = XCBuildConfiguration;
			buildSettings = {
				ALWAYS_SEARCH_USER_PATHS = NO;
				CLANG_ANALYZER_NONNULL = YES;
				CLANG_ANALYZER_NUMBER_OBJECT_CONVERSION = YES_AGGRESSIVE;
				CLANG_CXX_LANGUAGE_STANDARD = "gnu++17";
				CLANG_CXX_LIBRARY = "libc++";
				CLANG_ENABLE_MODULES = YES;
				CLANG_ENABLE_OBJC_ARC = YES;
				CLANG_ENABLE_OBJC_WEAK = YES;
				CLANG_WARN_BLOCK_CAPTURE_AUTORELEASING = YES;
				CLANG_WARN_BOOL_CONVERSION = YES;
				CLANG_WARN_COMMA = YES;
				CLANG_WARN_CONSTANT_CONVERSION = YES;
				CLANG_WARN_DEPRECATED_OBJC_IMPLEMENTATIONS = YES;
				CLANG_WARN_DIRECT_OBJC_ISA_USAGE = YES_ERROR;
				CLANG_WARN_DOCUMENTATION_COMMENTS = YES;
				CLANG_WARN_EMPTY_BODY = YES;
				CLANG_WARN_ENUM_CONVERSION = YES;
				CLANG_WARN_INFINITE_RECURSION = YES;
				CLANG_WARN_INT_CONVERSION = YES;
				CLANG_WARN_NON_LITERAL_NULL_CONVERSION = YES;
				CLANG_WARN_OBJC_IMPLICIT_RETAIN_SELF = YES;
				CLANG_WARN_OBJC_LITERAL_CONVERSION = YES;
				CLANG_WARN_OBJC_ROOT_CLASS = YES_ERROR;
				CLANG_WARN_QUOTED_INCLUDE_IN_FRAMEWORK_HEADER = YES;
				CLANG_WARN_RANGE_LOOP_ANALYSIS = YES;
				CLANG_WARN_STRICT_PROTOTYPES = YES;
				CLANG_WARN_SUSPICIOUS_MOVE = YES;
				CLANG_WARN_UNGUARDED_AVAILABILITY = YES_AGGRESSIVE;
				CLANG_WARN_UNREACHABLE_CODE = YES;
				CLANG_WARN__DUPLICATE_METHOD_MATCH = YES;
				COPY_PHASE_STRIP = NO;
				DEBUG_INFORMATION_FORMAT = dwarf;
				ENABLE_STRICT_OBJC_MSGSEND = YES;
				ENABLE_TESTABILITY = YES;
				GCC_C_LANGUAGE_STANDARD = gnu11;
				GCC_DYNAMIC_NO_PIC = NO;
				GCC_NO_COMMON_BLOCKS = YES;
				GCC_OPTIMIZATION_LEVEL = 0;
				GCC_PREPROCESSOR_DEFINITIONS = (
					"DEBUG=1",
					"$(inherited)",
				);
				GCC_WARN_64_TO_32_BIT_CONVERSION = YES;
				GCC_WARN_ABOUT_RETURN_TYPE = YES_ERROR;
				GCC_WARN_UNDECLARED_SELECTOR = YES;
				GCC_WARN_UNINITIALIZED_AUTOS = YES_AGGRESSIVE;
				GCC_WARN_UNUSED_FUNCTION = YES;
				GCC_WARN_UNUSED_VARIABLE = YES;
				MACOSX_DEPLOYMENT_TARGET = 12.1;
				MTL_ENABLE_DEBUG_INFO = INCLUDE_SOURCE;
				MTL_FAST_MATH = YES;
				ONLY_ACTIVE_ARCH = YES;
				SDKROOT = macosx;
				SWIFT_ACTIVE_COMPILATION_CONDITIONS = DEBUG;
				SWIFT_OPTIMIZATION_LEVEL = "-Onone";
			};
			name = Debug;
		};
		37B2838527C1F2AF004FE4C1 /* Release */ = {
			isa = XCBuildConfiguration;
			buildSettings = {
				ALWAYS_SEARCH_USER_PATHS = NO;
				CLANG_ANALYZER_NONNULL = YES;
				CLANG_ANALYZER_NUMBER_OBJECT_CONVERSION = YES_AGGRESSIVE;
				CLANG_CXX_LANGUAGE_STANDARD = "gnu++17";
				CLANG_CXX_LIBRARY = "libc++";
				CLANG_ENABLE_MODULES = YES;
				CLANG_ENABLE_OBJC_ARC = YES;
				CLANG_ENABLE_OBJC_WEAK = YES;
				CLANG_WARN_BLOCK_CAPTURE_AUTORELEASING = YES;
				CLANG_WARN_BOOL_CONVERSION = YES;
				CLANG_WARN_COMMA = YES;
				CLANG_WARN_CONSTANT_CONVERSION = YES;
				CLANG_WARN_DEPRECATED_OBJC_IMPLEMENTATIONS = YES;
				CLANG_WARN_DIRECT_OBJC_ISA_USAGE = YES_ERROR;
				CLANG_WARN_DOCUMENTATION_COMMENTS = YES;
				CLANG_WARN_EMPTY_BODY = YES;
				CLANG_WARN_ENUM_CONVERSION = YES;
				CLANG_WARN_INFINITE_RECURSION = YES;
				CLANG_WARN_INT_CONVERSION = YES;
				CLANG_WARN_NON_LITERAL_NULL_CONVERSION = YES;
				CLANG_WARN_OBJC_IMPLICIT_RETAIN_SELF = YES;
				CLANG_WARN_OBJC_LITERAL_CONVERSION = YES;
				CLANG_WARN_OBJC_ROOT_CLASS = YES_ERROR;
				CLANG_WARN_QUOTED_INCLUDE_IN_FRAMEWORK_HEADER = YES;
				CLANG_WARN_RANGE_LOOP_ANALYSIS = YES;
				CLANG_WARN_STRICT_PROTOTYPES = YES;
				CLANG_WARN_SUSPICIOUS_MOVE = YES;
				CLANG_WARN_UNGUARDED_AVAILABILITY = YES_AGGRESSIVE;
				CLANG_WARN_UNREACHABLE_CODE = YES;
				CLANG_WARN__DUPLICATE_METHOD_MATCH = YES;
				COPY_PHASE_STRIP = NO;
				DEBUG_INFORMATION_FORMAT = "dwarf-with-dsym";
				ENABLE_NS_ASSERTIONS = NO;
				ENABLE_STRICT_OBJC_MSGSEND = YES;
				GCC_C_LANGUAGE_STANDARD = gnu11;
				GCC_NO_COMMON_BLOCKS = YES;
				GCC_WARN_64_TO_32_BIT_CONVERSION = YES;
				GCC_WARN_ABOUT_RETURN_TYPE = YES_ERROR;
				GCC_WARN_UNDECLARED_SELECTOR = YES;
				GCC_WARN_UNINITIALIZED_AUTOS = YES_AGGRESSIVE;
				GCC_WARN_UNUSED_FUNCTION = YES;
				GCC_WARN_UNUSED_VARIABLE = YES;
				MACOSX_DEPLOYMENT_TARGET = 12.1;
				MTL_ENABLE_DEBUG_INFO = NO;
				MTL_FAST_MATH = YES;
				SDKROOT = macosx;
				SWIFT_COMPILATION_MODE = wholemodule;
				SWIFT_OPTIMIZATION_LEVEL = "-O";
			};
			name = Release;
		};
		37B2838727C1F2AF004FE4C1 /* Debug */ = {
			isa = XCBuildConfiguration;
			buildSettings = {
				CODE_SIGN_STYLE = Automatic;
				PRODUCT_NAME = "$(TARGET_NAME)";
				SWIFT_VERSION = 5.0;
			};
			name = Debug;
		};
		37B2838827C1F2AF004FE4C1 /* Release */ = {
			isa = XCBuildConfiguration;
			buildSettings = {
				CODE_SIGN_STYLE = Automatic;
				PRODUCT_NAME = "$(TARGET_NAME)";
				SWIFT_VERSION = 5.0;
			};
			name = Release;
		};
/* End XCBuildConfiguration section */

/* Begin XCConfigurationList section */
		37B2837A27C1F2AF004FE4C1 /* Build configuration list for PBXProject "BackJun" */ = {
			isa = XCConfigurationList;
			buildConfigurations = (
				37B2838427C1F2AF004FE4C1 /* Debug */,
				37B2838527C1F2AF004FE4C1 /* Release */,
			);
			defaultConfigurationIsVisible = 0;
			defaultConfigurationName = Release;
		};
		37B2838627C1F2AF004FE4C1 /* Build configuration list for PBXNativeTarget "BackJun" */ = {
			isa = XCConfigurationList;
			buildConfigurations = (
				37B2838727C1F2AF004FE4C1 /* Debug */,
				37B2838827C1F2AF004FE4C1 /* Release */,
			);
			defaultConfigurationIsVisible = 0;
			defaultConfigurationName = Release;
		};
/* End XCConfigurationList section */
	};
	rootObject = 37B2837727C1F2AF004FE4C1 /* Project object */;
}
